lockfileVersion: '9.0'

settings:
  autoInstallPeers: true
  excludeLinksFromLockfile: false

importers:

  .:
    dependencies:
      '@emoji-mart/data':
        specifier: ^1.2.1
        version: 1.2.1
      '@emoji-mart/react':
        specifier: ^1.1.1
        version: 1.1.1(emoji-mart@5.6.0)(react@19.2.5)
      '@floating-ui/react':
        specifier: ^0.27.19
        version: 0.27.19(react-dom@19.2.5(react@19.2.5))(react@19.2.5)
      lucide-react:
        specifier: ^1.7.0
        version: 1.8.0(react@19.2.5)
      react:
        specifier: ^19.0.0
        version: 19.2.5
      react-dom:
        specifier: ^19.0.0
        version: 19.2.5(react@19.2.5)
    devDependencies:
      '@biomejs/biome':
        specifier: ^2.4.0
        version: 2.4.12
      '@types/react':
        specifier: ^19.2.14
        version: 19.2.14
      '@types/react-dom':
        specifier: ^19.2.3
        version: 19.2.3(@types/react@19.2.14)
      typescript:
        specifier: ^6.0.2
        version: 6.0.3

packages:

  '@biomejs/biome@2.4.12':
    resolution: {integrity: sha512-Rro7adQl3NLq/zJCIL98eElXKI8eEiBtoeu5TbXF/U3qbjuSc7Jb5rjUbeHHcquDWeSf3HnGP7XI5qGrlRk/pA==}
    engines: {node: '>=14.21.3'}
    hasBin: true

  '@biomejs/cli-darwin-arm64@2.4.12':
    resolution: {integrity: sha512-BnMU4Pc3ciEVteVpZ0BK33MLr7X57F5w1dwDLDn+/iy/yTrA4Q/N2yftidFtsA4vrDh0FMXDpacNV/Tl3fbmng==}
    engines: {node: '>=14.21.3'}
    cpu: [arm64]
    os: [darwin]

  '@biomejs/cli-darwin-x64@2.4.12':
    resolution: {integrity: sha512-x9uJ0bI1rJsWICp3VH8w/5PnAVD3A7SqzDpbrfoUQX1QyWrK5jSU4fRLo/wSgGeplCivbxBRKmt5Xq4/nWvq8A==}
    engines: {node: '>=14.21.3'}
    cpu: [x64]
    os: [darwin]

  '@biomejs/cli-linux-arm64-musl@2.4.12':
    resolution: {integrity: sha512-FhfpkAAlKL6kwvcVap0Hgp4AhZmtd3YImg0kK1jd7C/aSoh4SfsB2f++yG1rU0lr8Y5MCFJrcSkmssiL9Xnnig==}
    engines: {node: '>=14.21.3'}
    cpu: [arm64]
    os: [linux]
    libc: [musl]

  '@biomejs/cli-linux-arm64@2.4.12':
    resolution: {integrity: sha512-tOwuCuZZtKi1jVzbk/5nXmIsziOB6yqN8c9r9QM0EJYPU6DpQWf11uBOSCfFKKM4H3d9ZoarvlgMfbcuD051Pw==}
    engines: {node: '>=14.21.3'}
    cpu: [arm64]
    os: [linux]
    libc: [glibc]

  '@biomejs/cli-linux-x64-musl@2.4.12':
    resolution: {integrity: sha512-dwTIgZrGutzhkQCuvHynCkyW6hJxUuyZqKKO0YNfaS2GUoRO+tOvxXZqZB6SkWAOdfZTzwaw8IEdUnIkHKHoew==}
    engines: {node: '>=14.21.3'}
    cpu: [x64]
    os: [linux]
    libc: [musl]

  '@biomejs/cli-linux-x64@2.4.12':
    resolution: {integrity: sha512-8pFeAnLU9QdW9jCIslB/v82bI0lhBmz2ZAKc8pVMFPO0t0wAHsoEkrUQUbMkIorTRIjbqyNZHA3lEXavsPWYSw==}
    engines: {node: '>=14.21.3'}
    cpu: [x64]
    os: [linux]
    libc: [glibc]

  '@biomejs/cli-win32-arm64@2.4.12':
    resolution: {integrity: sha512-B0DLnx0vA9ya/3v7XyCaP+/lCpnbWbMOfUFFve+xb5OxyYvdHaS55YsSddr228Y+JAFk58agCuZTsqNiw2a6ig==}
    engines: {node: '>=14.21.3'}
    cpu: [arm64]
    os: [win32]

  '@biomejs/cli-win32-x64@2.4.12':
    resolution: {integrity: sha512-yMckRzTyZ83hkk8iDFWswqSdU8tvZxspJKnYNh7JZr/zhZNOlzH13k4ecboU6MurKExCe2HUkH75pGI/O2JwGA==}
    engines: {node: '>=14.21.3'}
    cpu: [x64]
    os: [win32]

  '@emoji-mart/data@1.2.1':
    resolution: {integrity: sha512-no2pQMWiBy6gpBEiqGeU77/bFejDqUTRY7KX+0+iur13op3bqUsXdnwoZs6Xb1zbv0gAj5VvS1PWoUUckSr5Dw==}

  '@emoji-mart/react@1.1.1':
    resolution: {integrity: sha512-NMlFNeWgv1//uPsvLxvGQoIerPuVdXwK/EUek8OOkJ6wVOWPUizRBJU0hDqWZCOROVpfBgCemaC3m6jDOXi03g==}
    peerDependencies:
      emoji-mart: ^5.2
      react: ^16.8 || ^17 || ^18

  '@floating-ui/core@1.7.5':
    resolution: {integrity: sha512-1Ih4WTWyw0+lKyFMcBHGbb5U5FtuHJuujoyyr5zTaWS5EYMeT6Jb2AuDeftsCsEuchO+mM2ij5+q9crhydzLhQ==}

  '@floating-ui/dom@1.7.6':
    resolution: {integrity: sha512-9gZSAI5XM36880PPMm//9dfiEngYoC6Am2izES1FF406YFsjvyBMmeJ2g4SAju3xWwtuynNRFL2s9hgxpLI5SQ==}

  '@floating-ui/react-dom@2.1.8':
    resolution: {integrity: sha512-cC52bHwM/n/CxS87FH0yWdngEZrjdtLW/qVruo68qg+prK7ZQ4YGdut2GyDVpoGeAYe/h899rVeOVm6Oi40k2A==}
    peerDependencies:
      react: '>=16.8.0'
      react-dom: '>=16.8.0'

  '@floating-ui/react@0.27.19':
    resolution: {integrity: sha512-31B8h5mm8YxotlE7/AU/PhNAl8eWxAmjL/v2QOxroDNkTFLk3Uu82u63N3b6TXa4EGJeeZLVcd/9AlNlVqzeog==}
    peerDependencies:
      react: '>=17.0.0'
      react-dom: '>=17.0.0'

  '@floating-ui/utils@0.2.11':
    resolution: {integrity: sha512-RiB/yIh78pcIxl6lLMG0CgBXAZ2Y0eVHqMPYugu+9U0AeT6YBeiJpf7lbdJNIugFP5SIjwNRgo4DhR1Qxi26Gg==}

  '@types/react-dom@19.2.3':
    resolution: {integrity: sha512-jp2L/eY6fn+KgVVQAOqYItbF0VY/YApe5Mz2F0aykSO8gx31bYCZyvSeYxCHKvzHG5eZjc+zyaS5BrBWya2+kQ==}
    peerDependencies:
      '@types/react': ^19.2.0

  '@types/react@19.2.14':
    resolution: {integrity: sha512-ilcTH/UniCkMdtexkoCN0bI7pMcJDvmQFPvuPvmEaYA/NSfFTAgdUSLAoVjaRJm7+6PvcM+q1zYOwS4wTYMF9w==}

  csstype@3.2.3:
    resolution: {integrity: sha512-z1HGKcYy2xA8AGQfwrn0PAy+PB7X/GSj3UVJW9qKyn43xWa+gl5nXmU4qqLMRzWVLFC8KusUX8T/0kCiOYpAIQ==}

  emoji-mart@5.6.0:
    resolution: {integrity: sha512-eJp3QRe79pjwa+duv+n7+5YsNhRcMl812EcFVwrnRvYKoNPoQb5qxU8DG6Bgwji0akHdp6D4Ln6tYLG58MFSow==}

  lucide-react@1.8.0:
    resolution: {integrity: sha512-WuvlsjngSk7TnTBJ1hsCy3ql9V9VOdcPkd3PKcSmM34vJD8KG6molxz7m7zbYFgICwsanQWmJ13JlYs4Zp7Arw==}
    peerDependencies:
      react: ^16.5.1 || ^17.0.0 || ^18.0.0 || ^19.0.0

  react-dom@19.2.5:
    resolution: {integrity: sha512-J5bAZz+DXMMwW/wV3xzKke59Af6CHY7G4uYLN1OvBcKEsWOs4pQExj86BBKamxl/Ik5bx9whOrvBlSDfWzgSag==}
    peerDependencies:
      react: ^19.2.5

  react@19.2.5:
    resolution: {integrity: sha512-llUJLzz1zTUBrskt2pwZgLq59AemifIftw4aB7JxOqf1HY2FDaGDxgwpAPVzHU1kdWabH7FauP4i1oEeer2WCA==}
    engines: {node: '>=0.10.0'}

  scheduler@0.27.0:
    resolution: {integrity: sha512-eNv+WrVbKu1f3vbYJT/xtiF5syA5HPIMtf9IgY/nKg0sWqzAUEvqY/xm7OcZc/qafLx/iO9FgOmeSAp4v5ti/Q==}

  tabbable@6.4.0:
    resolution: {integrity: sha512-05PUHKSNE8ou2dwIxTngl4EzcnsCDZGJ/iCLtDflR/SHB/ny14rXc+qU5P4mG9JkusiV7EivzY9Mhm55AzAvCg==}

  typescript@6.0.3:
    resolution: {integrity: sha512-y2TvuxSZPDyQakkFRPZHKFm+KKVqIisdg9/CZwm9ftvKXLP8NRWj38/ODjNbr43SsoXqNuAisEf1GdCxqWcdBw==}
    engines: {node: '>=14.17'}
    hasBin: true

snapshots:

  '@biomejs/biome@2.4.12':
    optionalDependencies:
      '@biomejs/cli-darwin-arm64': 2.4.12
      '@biomejs/cli-darwin-x64': 2.4.12
      '@biomejs/cli-linux-arm64': 2.4.12
      '@biomejs/cli-linux-arm64-musl': 2.4.12
      '@biomejs/cli-linux-x64': 2.4.12
      '@biomejs/cli-linux-x64-musl': 2.4.12
      '@biomejs/cli-win32-arm64': 2.4.12
      '@biomejs/cli-win32-x64': 2.4.12

  '@biomejs/cli-darwin-arm64@2.4.12':
    optional: true

  '@biomejs/cli-darwin-x64@2.4.12':
    optional: true

  '@biomejs/cli-linux-arm64-musl@2.4.12':
    optional: true

  '@biomejs/cli-linux-arm64@2.4.12':
    optional: true

  '@biomejs/cli-linux-x64-musl@2.4.12':
    optional: true

  '@biomejs/cli-linux-x64@2.4.12':
    optional: true

  '@biomejs/cli-win32-arm64@2.4.12':
    optional: true

  '@biomejs/cli-win32-x64@2.4.12':
    optional: true

  '@emoji-mart/data@1.2.1': {}

  '@emoji-mart/react@1.1.1(emoji-mart@5.6.0)(react@19.2.5)':
    dependencies:
      emoji-mart: 5.6.0
      react: 19.2.5

  '@floating-ui/core@1.7.5':
    dependencies:
      '@floating-ui/utils': 0.2.11

  '@floating-ui/dom@1.7.6':
    dependencies:
      '@floating-ui/core': 1.7.5
      '@floating-ui/utils': 0.2.11

  '@floating-ui/react-dom@2.1.8(react-dom@19.2.5(react@19.2.5))(react@19.2.5)':
    dependencies:
      '@floating-ui/dom': 1.7.6
      react: 19.2.5
      react-dom: 19.2.5(react@19.2.5)

  '@floating-ui/react@0.27.19(react-dom@19.2.5(react@19.2.5))(react@19.2.5)':
    dependencies:
      '@floating-ui/react-dom': 2.1.8(react-dom@19.2.5(react@19.2.5))(react@19.2.5)
      '@floating-ui/utils': 0.2.11
      react: 19.2.5
      react-dom: 19.2.5(react@19.2.5)
      tabbable: 6.4.0

  '@floating-ui/utils@0.2.11': {}

  '@types/react-dom@19.2.3(@types/react@19.2.14)':
    dependencies:
      '@types/react': 19.2.14

  '@types/react@19.2.14':
    dependencies:
      csstype: 3.2.3

  csstype@3.2.3: {}

  emoji-mart@5.6.0: {}

  lucide-react@1.8.0(react@19.2.5):
    dependencies:
      react: 19.2.5

  react-dom@19.2.5(react@19.2.5):
    dependencies:
      react: 19.2.5
      scheduler: 0.27.0

  react@19.2.5: {}

  scheduler@0.27.0: {}

  tabbable@6.4.0: {}

  typescript@6.0.3: {}
